
Microsoft Visual Studio Solution File, Format Version 12.00
# Visual Studio Version 17
VisualStudioVersion = 17.1.32319.34
MinimumVisualStudioVersion = 10.0.40219.1
Project("{2150E333-8FDC-42A3-9474-1A3956D46DE8}") = "src", "src", "{C2F8FF63-7A48-4179-A720-86206C42F496}"
EndProject
Project("{2150E333-8FDC-42A3-9474-1A3956D46DE8}") = "Solution Items", "Solution Items", "{C63AF54F-DF0D-4ED0-812A-020FC555B0DC}"
	ProjectSection(SolutionItems) = preProject
		.editorconfig = .editorconfig
		.gitattributes = .gitattributes
		.gitignore = .gitignore
		Basisregisters.IntegrationDb.sln.DotSettings = Basisregisters.IntegrationDb.sln.DotSettings
		global.json = global.json
		package.json = package.json
		paket.dependencies = paket.dependencies
		README.md = README.md
		SEMVER.md = SEMVER.md
	EndProjectSection
EndProject
Project("{FAE04EC0-301F-11D3-BF4B-00C04F79EFBC}") = "EF.MigrationHelper", "src\EF.MigrationsHelper\EF.MigrationHelper.csproj", "{1005EBD8-0E8D-4D8F-8780-70F8B281550C}"
EndProject
Project("{FAE04EC0-301F-11D3-BF4B-00C04F79EFBC}") = "Basisregisters.IntegrationDb.SuspiciousCases", "src\Basisregisters.IntegrationDb.SuspiciousCases\Basisregisters.IntegrationDb.SuspiciousCases.csproj", "{B6540121-7CE0-4E3C-B247-9E9E966EA8BC}"
EndProject
Project("{FAE04EC0-301F-11D3-BF4B-00C04F79EFBC}") = "Basisregisters.IntegrationDb.SuspiciousCases.Api", "src\Basisregisters.IntegrationDb.SuspiciousCases.Api\Basisregisters.IntegrationDb.SuspiciousCases.Api.csproj", "{F3D39574-A172-40C5-A072-D33D19576419}"
EndProject
Project("{2150E333-8FDC-42A3-9474-1A3956D46DE8}") = "test", "test", "{A5E1149A-0437-4CD0-93A2-6E7E059C74BE}"
EndProject
Project("{FAE04EC0-301F-11D3-BF4B-00C04F79EFBC}") = "Basisregisters.IntegrationDb.SuspiciousCases.Api.IntegrationTests", "test\Basisregisters.IntegrationDb.SuspiciousCases.Api.IntegrationTests\Basisregisters.IntegrationDb.SuspiciousCases.Api.IntegrationTests.csproj", "{012CD10E-1EDE-4014-B7CE-B870E62D1BEC}"
EndProject
Project("{FAE04EC0-301F-11D3-BF4B-00C04F79EFBC}") = "Basisregisters.IntegrationDb.SuspiciousCases.Api.Tests", "test\Basisregisters.IntegrationDb.SuspiciousCases.Api.Tests\Basisregisters.IntegrationDb.SuspiciousCases.Api.Tests.csproj", "{2046F886-AA42-4EAD-A8FC-F8FC10A743F9}"
EndProject
Global
	GlobalSection(SolutionConfigurationPlatforms) = preSolution
		Debug|Any CPU = Debug|Any CPU
		Debug|x64 = Debug|x64
		Debug|x86 = Debug|x86
		Release|Any CPU = Release|Any CPU
		Release|x64 = Release|x64
		Release|x86 = Release|x86
	EndGlobalSection
	GlobalSection(ProjectConfigurationPlatforms) = postSolution
		{1005EBD8-0E8D-4D8F-8780-70F8B281550C}.Debug|Any CPU.ActiveCfg = Debug|Any CPU
		{1005EBD8-0E8D-4D8F-8780-70F8B281550C}.Debug|Any CPU.Build.0 = Debug|Any CPU
		{1005EBD8-0E8D-4D8F-8780-70F8B281550C}.Debug|x64.ActiveCfg = Debug|Any CPU
		{1005EBD8-0E8D-4D8F-8780-70F8B281550C}.Debug|x64.Build.0 = Debug|Any CPU
		{1005EBD8-0E8D-4D8F-8780-70F8B281550C}.Debug|x86.ActiveCfg = Debug|Any CPU
		{1005EBD8-0E8D-4D8F-8780-70F8B281550C}.Debug|x86.Build.0 = Debug|Any CPU
		{1005EBD8-0E8D-4D8F-8780-70F8B281550C}.Release|Any CPU.ActiveCfg = Release|Any CPU
		{1005EBD8-0E8D-4D8F-8780-70F8B281550C}.Release|Any CPU.Build.0 = Release|Any CPU
		{1005EBD8-0E8D-4D8F-8780-70F8B281550C}.Release|x64.ActiveCfg = Release|Any CPU
		{1005EBD8-0E8D-4D8F-8780-70F8B281550C}.Release|x64.Build.0 = Release|Any CPU
		{1005EBD8-0E8D-4D8F-8780-70F8B281550C}.Release|x86.ActiveCfg = Release|Any CPU
		{1005EBD8-0E8D-4D8F-8780-70F8B281550C}.Release|x86.Build.0 = Release|Any CPU
		{B6540121-7CE0-4E3C-B247-9E9E966EA8BC}.Debug|Any CPU.ActiveCfg = Debug|Any CPU
		{B6540121-7CE0-4E3C-B247-9E9E966EA8BC}.Debug|Any CPU.Build.0 = Debug|Any CPU
		{B6540121-7CE0-4E3C-B247-9E9E966EA8BC}.Debug|x64.ActiveCfg = Debug|Any CPU
		{B6540121-7CE0-4E3C-B247-9E9E966EA8BC}.Debug|x64.Build.0 = Debug|Any CPU
		{B6540121-7CE0-4E3C-B247-9E9E966EA8BC}.Debug|x86.ActiveCfg = Debug|Any CPU
		{B6540121-7CE0-4E3C-B247-9E9E966EA8BC}.Debug|x86.Build.0 = Debug|Any CPU
		{B6540121-7CE0-4E3C-B247-9E9E966EA8BC}.Release|Any CPU.ActiveCfg = Release|Any CPU
		{B6540121-7CE0-4E3C-B247-9E9E966EA8BC}.Release|Any CPU.Build.0 = Release|Any CPU
		{B6540121-7CE0-4E3C-B247-9E9E966EA8BC}.Release|x64.ActiveCfg = Release|Any CPU
		{B6540121-7CE0-4E3C-B247-9E9E966EA8BC}.Release|x64.Build.0 = Release|Any CPU
		{B6540121-7CE0-4E3C-B247-9E9E966EA8BC}.Release|x86.ActiveCfg = Release|Any CPU
		{B6540121-7CE0-4E3C-B247-9E9E966EA8BC}.Release|x86.Build.0 = Release|Any CPU
		{F3D39574-A172-40C5-A072-D33D19576419}.Debug|Any CPU.ActiveCfg = Debug|Any CPU
		{F3D39574-A172-40C5-A072-D33D19576419}.Debug|Any CPU.Build.0 = Debug|Any CPU
		{F3D39574-A172-40C5-A072-D33D19576419}.Debug|x64.ActiveCfg = Debug|Any CPU
		{F3D39574-A172-40C5-A072-D33D19576419}.Debug|x64.Build.0 = Debug|Any CPU
		{F3D39574-A172-40C5-A072-D33D19576419}.Debug|x86.ActiveCfg = Debug|Any CPU
		{F3D39574-A172-40C5-A072-D33D19576419}.Debug|x86.Build.0 = Debug|Any CPU
		{F3D39574-A172-40C5-A072-D33D19576419}.Release|Any CPU.ActiveCfg = Release|Any CPU
		{F3D39574-A172-40C5-A072-D33D19576419}.Release|Any CPU.Build.0 = Release|Any CPU
		{F3D39574-A172-40C5-A072-D33D19576419}.Release|x64.ActiveCfg = Release|Any CPU
		{F3D39574-A172-40C5-A072-D33D19576419}.Release|x64.Build.0 = Release|Any CPU
		{F3D39574-A172-40C5-A072-D33D19576419}.Release|x86.ActiveCfg = Release|Any CPU
		{F3D39574-A172-40C5-A072-D33D19576419}.Release|x86.Build.0 = Release|Any CPU
		{012CD10E-1EDE-4014-B7CE-B870E62D1BEC}.Debug|Any CPU.ActiveCfg = Debug|Any CPU
		{012CD10E-1EDE-4014-B7CE-B870E62D1BEC}.Debug|Any CPU.Build.0 = Debug|Any CPU
		{2046F886-AA42-4EAD-A8FC-F8FC10A743F9}.Debug|Any CPU.ActiveCfg = Debug|Any CPU
		{2046F886-AA42-4EAD-A8FC-F8FC10A743F9}.Debug|Any CPU.Build.0 = Debug|Any CPU
		{2046F886-AA42-4EAD-A8FC-F8FC10A743F9}.Debug|x64.ActiveCfg = Debug|Any CPU
		{2046F886-AA42-4EAD-A8FC-F8FC10A743F9}.Debug|x64.Build.0 = Debug|Any CPU
		{2046F886-AA42-4EAD-A8FC-F8FC10A743F9}.Debug|x86.ActiveCfg = Debug|Any CPU
		{2046F886-AA42-4EAD-A8FC-F8FC10A743F9}.Debug|x86.Build.0 = Debug|Any CPU
		{2046F886-AA42-4EAD-A8FC-F8FC10A743F9}.Release|Any CPU.ActiveCfg = Release|Any CPU
		{2046F886-AA42-4EAD-A8FC-F8FC10A743F9}.Release|Any CPU.Build.0 = Release|Any CPU
		{2046F886-AA42-4EAD-A8FC-F8FC10A743F9}.Release|x64.ActiveCfg = Release|Any CPU
		{2046F886-AA42-4EAD-A8FC-F8FC10A743F9}.Release|x64.Build.0 = Release|Any CPU
		{2046F886-AA42-4EAD-A8FC-F8FC10A743F9}.Release|x86.ActiveCfg = Release|Any CPU
		{2046F886-AA42-4EAD-A8FC-F8FC10A743F9}.Release|x86.Build.0 = Release|Any CPU
	EndGlobalSection
	GlobalSection(SolutionProperties) = preSolution
		HideSolutionNode = FALSE
	EndGlobalSection
	GlobalSection(NestedProjects) = preSolution
		{F3D39574-A172-40C5-A072-D33D19576419} = {C2F8FF63-7A48-4179-A720-86206C42F496}
		{012CD10E-1EDE-4014-B7CE-B870E62D1BEC} = {A5E1149A-0437-4CD0-93A2-6E7E059C74BE}
		{2046F886-AA42-4EAD-A8FC-F8FC10A743F9} = {A5E1149A-0437-4CD0-93A2-6E7E059C74BE}
		{B6540121-7CE0-4E3C-B247-9E9E966EA8BC} = {C2F8FF63-7A48-4179-A720-86206C42F496}
	EndGlobalSection
	GlobalSection(ExtensibilityGlobals) = postSolution
		SolutionGuid = {2EB87445-E263-4E1E-89CC-3839170028E5}
	EndGlobalSection
EndGlobal
