{
  "version": 2,
  "dependencies": {
    "net9.0": {
      "AWSSDK.Extensions.NETCore.Setup": {
        "type": "Direct",
        "requested": "[3.7.400, )",
        "resolved": "3.7.400",
        "contentHash": "i4ta6n+QuGKt1RBCIbRU2wohz5DYJ+wRPR9EI7YkzC8eaWSbmMXTNL+s4HpYUsoxM7uyUrYoW0gC52/9KnK7xw==",
        "dependencies": {
          "AWSSDK.Core": "3.7.402",
          "Microsoft.Extensions.Configuration.Abstractions": "2.0.0",
          "Microsoft.Extensions.DependencyInjection.Abstractions": "2.0.0",
          "Microsoft.Extensions.Logging.Abstractions": "2.0.0"
        }
      },
      "AWSSDK.SimpleNotificationService": {
        "type": "Direct",
        "requested": "[3.7.400.131, )",
        "resolved": "3.7.400.131",
        "contentHash": "3hGmeDJK7S3BfK3LABgX6gRgoxQXh8o/+Hn+vQcbAsCLsjnzg+hYXky0v4IXp6YDcfP8gx3L4ExN8bIuMWwSYQ==",
        "dependencies": {
          "AWSSDK.Core": "[3.7.402.37, 4.0.0)"
        }
      },
      "Be.Vlaanderen.Basisregisters.Aws.DistributedMutex": {
        "type": "Direct",
        "requested": "[5.0.0, )",
        "resolved": "5.0.0",
        "contentHash": "PehV+6Y49btth3wP0+nwFpIlHoNE+y4pYrnSIfAMBOR6HGA+2vjarXtk2utEdQf1DWNx3wx3EEa1W50QMLc1Yg==",
        "dependencies": {
          "AWSSDK.DynamoDBv2": "3.7.406.17",
          "Microsoft.Extensions.Configuration.Binder": "9.0.3",
          "Microsoft.Extensions.Configuration.Json": "9.0.3",
          "Microsoft.Extensions.Logging": "9.0.3"
        }
      },
      "Be.Vlaanderen.Basisregisters.GrAr.Notifications": {
        "type": "Direct",
        "requested": "[22.0.0, )",
        "resolved": "22.0.0",
        "contentHash": "V5syPr6hXSKn4i/TbbPQck+i2iLCCdD+XhXlPzK3tI+qu96svOM8a6CNqmVUFCk9g7lEJJYq2lZ+V2BZg037MA==",
        "dependencies": {
          "AWSSDK.SimpleNotificationService": "3.7.400.129",
          "System.Text.Json": "9.0.3"
        }
      },
      "Dapper": {
        "type": "Direct",
        "requested": "[2.1.66, )",
        "resolved": "2.1.66",
        "contentHash": "/q77jUgDOS+bzkmk3Vy9SiWMaetTw+NOoPAV0xPBsGVAyljd5S6P+4RUW7R3ZUGGr9lDRyPKgAMj2UAOwvqZYw=="
      },
      "Datadog.Trace.Bundle": {
        "type": "Direct",
        "requested": "[3.14.3, )",
        "resolved": "3.14.3",
        "contentHash": "zja2mjnx2/vLiB9Q6CfPKZY+f79XobivLoXMO7FuwlLvwkgD3TXPy4KseuhJkgsv99MGi/7SZdvnlzW1eSHBsQ==",
        "dependencies": {
          "Datadog.Trace": "3.14.3"
        }
      },
      "Destructurama.JsonNet": {
        "type": "Direct",
        "requested": "[4.0.2, )",
        "resolved": "4.0.2",
        "contentHash": "ZlzKReMWRK+A8IHK8Qbr0A3pdMUEV5MlCi/OgUoQf2IIsPi25SxdJ/Bp50n2viz/pCWo4Ju1nbxe6IA0GpmYRQ==",
        "dependencies": {
          "Newtonsoft.Json": "13.0.3",
          "Serilog": "4.2.0"
        }
      },
      "Microsoft.Extensions.Configuration": {
        "type": "Direct",
        "requested": "[9.0.4, )",
        "resolved": "9.0.4",
        "contentHash": "KIVBrMbItnCJDd1RF4KEaE8jZwDJcDUJW5zXpbwQ05HNYTK1GveHxHK0B3SjgDJuR48GRACXAO+BLhL8h34S7g==",
        "dependencies": {
          "Microsoft.Extensions.Configuration.Abstractions": "9.0.4",
          "Microsoft.Extensions.Primitives": "9.0.4"
        }
      },
      "Microsoft.Extensions.Configuration.EnvironmentVariables": {
        "type": "Direct",
        "requested": "[9.0.4, )",
        "resolved": "9.0.4",
        "contentHash": "2IGiG3FtVnD83IA6HYGuNei8dOw455C09yEhGl8bjcY6aGZgoC6yhYvDnozw8wlTowfoG9bxVrdTsr2ACZOYHg==",
        "dependencies": {
          "Microsoft.Extensions.Configuration": "9.0.4",
          "Microsoft.Extensions.Configuration.Abstractions": "9.0.4"
        }
      },
      "Microsoft.Extensions.Configuration.FileExtensions": {
        "type": "Direct",
        "requested": "[9.0.4, )",
        "resolved": "9.0.4",
        "contentHash": "UY864WQ3AS2Fkc8fYLombWnjrXwYt+BEHHps0hY4sxlgqaVW06AxbpgRZjfYf8PyRbplJqruzZDB/nSLT+7RLQ==",
        "dependencies": {
          "Microsoft.Extensions.Configuration": "9.0.4",
          "Microsoft.Extensions.Configuration.Abstractions": "9.0.4",
          "Microsoft.Extensions.FileProviders.Abstractions": "9.0.4",
          "Microsoft.Extensions.FileProviders.Physical": "9.0.4",
          "Microsoft.Extensions.Primitives": "9.0.4"
        }
      },
      "Microsoft.Extensions.Configuration.Json": {
        "type": "Direct",
        "requested": "[9.0.4, )",
        "resolved": "9.0.4",
        "contentHash": "vVXI70CgT/dmXV3MM+n/BR2rLXEoAyoK0hQT+8MrbCMuJBiLRxnTtSrksNiASWCwOtxo/Tyy7CO8AGthbsYxnw==",
        "dependencies": {
          "Microsoft.Extensions.Configuration": "9.0.4",
          "Microsoft.Extensions.Configuration.Abstractions": "9.0.4",
          "Microsoft.Extensions.Configuration.FileExtensions": "9.0.4",
          "Microsoft.Extensions.FileProviders.Abstractions": "9.0.4"
        }
      },
      "Microsoft.Extensions.Hosting": {
        "type": "Direct",
        "requested": "[9.0.4, )",
        "resolved": "9.0.4",
        "contentHash": "1rZwLE+tTUIyZRUzmlk/DQj+v+Eqox+rjb+X7Fi+cYTbQfIZPYwpf1pVybsV3oje8+Pe4GaNukpBVUlPYeQdeQ==",
        "dependencies": {
          "Microsoft.Extensions.Configuration": "9.0.4",
          "Microsoft.Extensions.Configuration.Abstractions": "9.0.4",
          "Microsoft.Extensions.Configuration.Binder": "9.0.4",
          "Microsoft.Extensions.Configuration.CommandLine": "9.0.4",
          "Microsoft.Extensions.Configuration.EnvironmentVariables": "9.0.4",
          "Microsoft.Extensions.Configuration.FileExtensions": "9.0.4",
          "Microsoft.Extensions.Configuration.Json": "9.0.4",
          "Microsoft.Extensions.Configuration.UserSecrets": "9.0.4",
          "Microsoft.Extensions.DependencyInjection": "9.0.4",
          "Microsoft.Extensions.DependencyInjection.Abstractions": "9.0.4",
          "Microsoft.Extensions.Diagnostics": "9.0.4",
          "Microsoft.Extensions.FileProviders.Abstractions": "9.0.4",
          "Microsoft.Extensions.FileProviders.Physical": "9.0.4",
          "Microsoft.Extensions.Hosting.Abstractions": "9.0.4",
          "Microsoft.Extensions.Logging": "9.0.4",
          "Microsoft.Extensions.Logging.Abstractions": "9.0.4",
          "Microsoft.Extensions.Logging.Configuration": "9.0.4",
          "Microsoft.Extensions.Logging.Console": "9.0.4",
          "Microsoft.Extensions.Logging.Debug": "9.0.4",
          "Microsoft.Extensions.Logging.EventLog": "9.0.4",
          "Microsoft.Extensions.Logging.EventSource": "9.0.4",
          "Microsoft.Extensions.Options": "9.0.4"
        }
      },
      "Npgsql": {
        "type": "Direct",
        "requested": "[9.0.3, )",
        "resolved": "9.0.3",
        "contentHash": "tPvY61CxOAWxNsKLEBg+oR646X4Bc8UmyQ/tJszL/7mEmIXQnnBhVJZrZEEUv0Bstu0mEsHZD5At3EO8zQRAYw==",
        "dependencies": {
          "Microsoft.Extensions.Logging.Abstractions": "8.0.2"
        }
      },
      "Serilog": {
        "type": "Direct",
        "requested": "[4.2.0, )",
        "resolved": "4.2.0",
        "contentHash": "gmoWVOvKgbME8TYR+gwMf7osROiWAURterc6Rt2dQyX7wtjZYpqFiA/pY6ztjGQKKV62GGCyOcmtP1UKMHgSmA=="
      },
      "Serilog.Enrichers.Environment": {
        "type": "Direct",
        "requested": "[3.0.1, )",
        "resolved": "3.0.1",
        "contentHash": "9BqCE4C9FF+/rJb/CsQwe7oVf44xqkOvMwX//CUxvUR25lFL4tSS6iuxE5eW07quby1BAyAEP+vM6TWsnT3iqw==",
        "dependencies": {
          "Serilog": "4.0.0"
        }
      },
      "Serilog.Enrichers.Thread": {
        "type": "Direct",
        "requested": "[4.0.0, )",
        "resolved": "4.0.0",
        "contentHash": "C7BK25a1rhUyr+Tp+1BYcVlBJq7M2VCHlIgnwoIUVJcicM9jYcvQK18+OeHiXw7uLPSjqWxJIp1EfaZ/RGmEwA==",
        "dependencies": {
          "Serilog": "4.0.0"
        }
      },
      "Serilog.Extensions.Logging": {
        "type": "Direct",
        "requested": "[9.0.1, )",
        "resolved": "9.0.1",
        "contentHash": "IZo04/stVuOBhe0jzIe+6gVmiZ50i1cDljTnDyz6lqM7rbNhrHsPWg3IraJIvzZBihYPg5V9TVQYgRnm3xX8eA==",
        "dependencies": {
          "Microsoft.Extensions.Logging": "9.0.0",
          "Serilog": "4.2.0"
        }
      },
      "Serilog.Formatting.Compact": {
        "type": "Direct",
        "requested": "[3.0.0, )",
        "resolved": "3.0.0",
        "contentHash": "wQsv14w9cqlfB5FX2MZpNsTawckN4a8dryuNGbebB/3Nh1pXnROHZov3swtu3Nj5oNG7Ba+xdu7Et/ulAUPanQ==",
        "dependencies": {
          "Serilog": "4.0.0"
        }
      },
      "Serilog.Settings.Configuration": {
        "type": "Direct",
        "requested": "[9.0.0, )",
        "resolved": "9.0.0",
        "contentHash": "4/Et4Cqwa+F88l5SeFeNZ4c4Z6dEAIKbu3MaQb2Zz9F/g27T5a3wvfMcmCOaAiACjfUb4A6wrlTVfyYUZk3RRQ==",
        "dependencies": {
          "Microsoft.Extensions.Configuration.Binder": "9.0.0",
          "Microsoft.Extensions.DependencyModel": "9.0.0",
          "Serilog": "4.2.0"
        }
      },
      "Serilog.Sinks.Console": {
        "type": "Direct",
        "requested": "[6.0.0, )",
        "resolved": "6.0.0",
        "contentHash": "fQGWqVMClCP2yEyTXPIinSr5c+CBGUvBybPxjAGcf7ctDhadFhrQw03Mv8rJ07/wR5PDfFjewf2LimvXCDzpbA==",
        "dependencies": {
          "Serilog": "4.0.0"
        }
      },
      "Serilog.Sinks.File": {
        "type": "Direct",
        "requested": "[6.0.0, )",
        "resolved": "6.0.0",
        "contentHash": "lxjg89Y8gJMmFxVkbZ+qDgjl+T4yC5F7WSLTvA+5q0R04tfKVLRL/EHpYoJ/MEQd2EeCKDuylBIVnAYMotmh2A==",
        "dependencies": {
          "Serilog": "4.0.0"
        }
      },
      "SourceLink.Copy.PdbFiles": {
        "type": "Direct",
        "requested": "[2.8.3, )",
        "resolved": "2.8.3",
        "contentHash": "cxlw1QHd/J7lOtSZ45VZMOsF/YSOlwZy0fCkauo9Ib9vOv+zGzjm9q3D8qGyMII0Zz1GSmli/oxhmUNuYUpc1g=="
      },
      "SourceLink.Embed.AllSourceFiles": {
        "type": "Direct",
        "requested": "[2.8.3, )",
        "resolved": "2.8.3",
        "contentHash": "Hv77AfKNDqSUH6MSGW1ZwKWFJ/CNKOe4FD6lpJGNYdSSQeEEsE2KyPlG1IgzA8+CJG8lDQV2vLS4OljHtHohsw=="
      },
      "AWSSDK.Core": {
        "type": "Transitive",
        "resolved": "3.7.402.37",
        "contentHash": "SCAW51UFo0vvYxDN+zq7w7voWcX7O2cb31eQDbUniCDwyFvTcwSNRH+tKoNwbv4wRlH7dYFE5q2XvwsUtt5QuA=="
      },
      "Datadog.Trace": {
        "type": "Transitive",
        "resolved": "3.14.3",
        "contentHash": "LaN99IxeB48ouuhuedweJCqvrX5rEIyWl+r5wXoSWXHK4zFu0YD+A6mRfaSltXpDN0+HViIBHyAcDrf+B79vAg==",
        "dependencies": {
          "System.Diagnostics.DiagnosticSource": "4.4.1"
        }
      },
      "Microsoft.EntityFrameworkCore": {
        "type": "Transitive",
        "resolved": "9.0.4",
        "contentHash": "+5IAX0aicQYCRfN4pAjad+JPwdEYoVEM3Z1Cl8/EiEv3FVHQHdd8TJQpQIslQDDQS/UsUMb0MsOXwqOh+TJtRw==",
        "dependencies": {
          "Microsoft.EntityFrameworkCore.Abstractions": "9.0.4",
          "Microsoft.EntityFrameworkCore.Analyzers": "9.0.4",
          "Microsoft.Extensions.Caching.Memory": "9.0.4",
          "Microsoft.Extensions.Logging": "9.0.4"
        }
      },
      "Microsoft.EntityFrameworkCore.Abstractions": {
        "type": "Transitive",
        "resolved": "9.0.4",
        "contentHash": "E0pkWzI0liqu2ogqJ1kohk2eGkYRhf5tI75HGF6IQDARsshY/0w+prGyLvNuUeV7B8I7vYQZ4CzAKYKxw7b9gQ=="
      },
      "Microsoft.EntityFrameworkCore.Analyzers": {
        "type": "Transitive",
        "resolved": "9.0.4",
        "contentHash": "cMsm1O7g9X5qbB2wjHf3BVVvGwkG+zeXQ+M91I1Bm6RfylFMImqBPzs0+vmuef7fPxr2yOzPhIfJ2wQJfmtaSw=="
      },
      "Microsoft.EntityFrameworkCore.Relational": {
        "type": "Transitive",
        "resolved": "9.0.1",
        "contentHash": "7Iu0h4oevRvH4IwPzmxuIJGYRt55TapoREGlluk75KCO7lenN0+QnzCl6cQDY48uDoxAUpJbpK2xW7o8Ix69dw==",
        "dependencies": {
          "Microsoft.EntityFrameworkCore": "9.0.1",
          "Microsoft.Extensions.Caching.Memory": "9.0.1",
          "Microsoft.Extensions.Configuration.Abstractions": "9.0.1",
          "Microsoft.Extensions.Logging": "9.0.1"
        }
      },
      "Microsoft.Extensions.Caching.Abstractions": {
        "type": "Transitive",
        "resolved": "9.0.4",
        "contentHash": "imcZ5BGhBw5mNsWLepBbqqumWaFe0GtvyCvne2/2wsDIBRa2+Lhx4cU/pKt/4BwOizzUEOls2k1eOJQXHGMalg==",
        "dependencies": {
          "Microsoft.Extensions.Primitives": "9.0.4"
        }
      },
      "Microsoft.Extensions.Caching.Memory": {
        "type": "Transitive",
        "resolved": "9.0.4",
        "contentHash": "G5rEq1Qez5VJDTEyRsRUnewAspKjaY57VGsdZ8g8Ja6sXXzoiI3PpTd1t43HjHqNWD5A06MQveb2lscn+2CU+w==",
        "dependencies": {
          "Microsoft.Extensions.Caching.Abstractions": "9.0.4",
          "Microsoft.Extensions.DependencyInjection.Abstractions": "9.0.4",
          "Microsoft.Extensions.Logging.Abstractions": "9.0.4",
          "Microsoft.Extensions.Options": "9.0.4",
          "Microsoft.Extensions.Primitives": "9.0.4"
        }
      },
      "Microsoft.Extensions.Configuration.Abstractions": {
        "type": "Transitive",
        "resolved": "9.0.4",
        "contentHash": "0LN/DiIKvBrkqp7gkF3qhGIeZk6/B63PthAHjQsxymJfIBcz0kbf4/p/t4lMgggVxZ+flRi5xvTwlpPOoZk8fg==",
        "dependencies": {
          "Microsoft.Extensions.Primitives": "9.0.4"
        }
      },
      "Microsoft.Extensions.Configuration.Binder": {
        "type": "Transitive",
        "resolved": "9.0.4",
        "contentHash": "cdrjcl9RIcwt3ECbnpP0Gt1+pkjdW90mq5yFYy8D9qRj2NqFFcv3yDp141iEamsd9E218sGxK8WHaIOcrqgDJg==",
        "dependencies": {
          "Microsoft.Extensions.Configuration.Abstractions": "9.0.4"
        }
      },
      "Microsoft.Extensions.Configuration.UserSecrets": {
        "type": "Transitive",
        "resolved": "9.0.4",
        "contentHash": "zuvyC72gJkJyodyGowCuz3EQ1QvzNXJtKusuRzmjoHr17aeB3X0aSiKFB++HMHnQIWWlPOBf9YHTQfEqzbgl1g==",
        "dependencies": {
          "Microsoft.Extensions.Configuration.Abstractions": "9.0.4",
          "Microsoft.Extensions.Configuration.Json": "9.0.4",
          "Microsoft.Extensions.FileProviders.Abstractions": "9.0.4",
          "Microsoft.Extensions.FileProviders.Physical": "9.0.4"
        }
      },
      "Microsoft.Extensions.DependencyInjection.Abstractions": {
        "type": "Transitive",
        "resolved": "9.0.4",
        "contentHash": "UI0TQPVkS78bFdjkTodmkH0Fe8lXv9LnhGFKgKrsgUJ5a5FVdFRcgjIkBVLbGgdRhxWirxH/8IXUtEyYJx6GQg=="
      },
      "Microsoft.Extensions.DependencyModel": {
        "type": "Transitive",
        "resolved": "9.0.0",
        "contentHash": "saxr2XzwgDU77LaQfYFXmddEDRUKHF4DaGMZkNB3qjdVSZlax3//dGJagJkKrGMIPNZs2jVFXITyCCR6UHJNdA=="
      },
      "Microsoft.Extensions.Diagnostics": {
        "type": "Transitive",
        "resolved": "9.0.4",
        "contentHash": "1bCSQrGv9+bpF5MGKF6THbnRFUZqQDrWPA39NDeVW9djeHBmow8kX4SX6/8KkeKI8gmUDG7jsG/bVuNAcY/ATQ==",
        "dependencies": {
          "Microsoft.Extensions.Configuration": "9.0.4",
          "Microsoft.Extensions.Diagnostics.Abstractions": "9.0.4",
          "Microsoft.Extensions.Options.ConfigurationExtensions": "9.0.4"
        }
      },
      "Microsoft.Extensions.Diagnostics.Abstractions": {
        "type": "Transitive",
        "resolved": "9.0.4",
        "contentHash": "IAucBcHYtiCmMyFag+Vrp5m+cjGRlDttJk9Vx7Dqpq+Ama4BzVUOk0JARQakgFFr7ZTBSgLKlHmtY5MiItB7Cg==",
        "dependencies": {
          "Microsoft.Extensions.DependencyInjection.Abstractions": "9.0.4",
          "Microsoft.Extensions.Options": "9.0.4"
        }
      },
      "Microsoft.Extensions.FileProviders.Abstractions": {
        "type": "Transitive",
        "resolved": "9.0.4",
        "contentHash": "gQN2o/KnBfVk6Bd71E2YsvO5lsqrqHmaepDGk+FB/C4aiQY9B0XKKNKfl5/TqcNOs9OEithm4opiMHAErMFyEw==",
        "dependencies": {
          "Microsoft.Extensions.Primitives": "9.0.4"
        }
      },
      "Microsoft.Extensions.FileProviders.Physical": {
        "type": "Transitive",
        "resolved": "9.0.4",
        "contentHash": "qkQ9V7KFZdTWNThT7ke7E/Jad38s46atSs3QUYZB8f3thBTrcrousdY4Y/tyCtcH5YjsPSiByjuN+L8W/ThMQg==",
        "dependencies": {
          "Microsoft.Extensions.FileProviders.Abstractions": "9.0.4",
          "Microsoft.Extensions.FileSystemGlobbing": "9.0.4",
          "Microsoft.Extensions.Primitives": "9.0.4"
        }
      },
      "Microsoft.Extensions.FileSystemGlobbing": {
        "type": "Transitive",
        "resolved": "9.0.4",
        "contentHash": "05Lh2ItSk4mzTdDWATW9nEcSybwprN8Tz42Fs5B+jwdXUpauktdAQUI1Am4sUQi2C63E5hvQp8gXvfwfg9mQGQ=="
      },
      "Microsoft.Extensions.Hosting.Abstractions": {
        "type": "Transitive",
        "resolved": "9.0.4",
        "contentHash": "bXkwRPMo4x19YKH6/V9XotU7KYQJlihXhcWO1RDclAY3yfY3XNg4QtSEBvng4kK/DnboE0O/nwSl+6Jiv9P+FA==",
        "dependencies": {
          "Microsoft.Extensions.Configuration.Abstractions": "9.0.4",
          "Microsoft.Extensions.DependencyInjection.Abstractions": "9.0.4",
          "Microsoft.Extensions.Diagnostics.Abstractions": "9.0.4",
          "Microsoft.Extensions.FileProviders.Abstractions": "9.0.4",
          "Microsoft.Extensions.Logging.Abstractions": "9.0.4"
        }
      },
      "Microsoft.Extensions.Logging": {
        "type": "Transitive",
        "resolved": "9.0.4",
        "contentHash": "xW6QPYsqhbuWBO9/1oA43g/XPKbohJx+7G8FLQgQXIriYvY7s+gxr2wjQJfRoPO900dvvv2vVH7wZovG+M1m6w==",
        "dependencies": {
          "Microsoft.Extensions.DependencyInjection": "9.0.4",
          "Microsoft.Extensions.Logging.Abstractions": "9.0.4",
          "Microsoft.Extensions.Options": "9.0.4"
        }
      },
      "Microsoft.Extensions.Logging.Abstractions": {
        "type": "Transitive",
        "resolved": "9.0.4",
        "contentHash": "0MXlimU4Dud6t+iNi5NEz3dO2w1HXdhoOLaYFuLPCjAsvlPQGwOT6V2KZRMLEhCAm/stSZt1AUv0XmDdkjvtbw==",
        "dependencies": {
          "Microsoft.Extensions.DependencyInjection.Abstractions": "9.0.4"
        }
      },
      "Microsoft.Extensions.Logging.Configuration": {
        "type": "Transitive",
        "resolved": "9.0.4",
        "contentHash": "/kF+rSnoo3/nIwGzWsR4RgBnoTOdZ3lzz2qFRyp/GgaNid4j6hOAQrs/O+QHXhlcAdZxjg37MvtIE+pAvIgi9g==",
        "dependencies": {
          "Microsoft.Extensions.Configuration": "9.0.4",
          "Microsoft.Extensions.Configuration.Abstractions": "9.0.4",
          "Microsoft.Extensions.Configuration.Binder": "9.0.4",
          "Microsoft.Extensions.DependencyInjection.Abstractions": "9.0.4",
          "Microsoft.Extensions.Logging": "9.0.4",
          "Microsoft.Extensions.Logging.Abstractions": "9.0.4",
          "Microsoft.Extensions.Options": "9.0.4",
          "Microsoft.Extensions.Options.ConfigurationExtensions": "9.0.4"
        }
      },
      "Microsoft.Extensions.Logging.Console": {
        "type": "Transitive",
        "resolved": "9.0.4",
        "contentHash": "cI0lQe0js65INCTCtAgnlVJWKgzgoRHVAW1B1zwCbmcliO4IZoTf92f1SYbLeLk7FzMJ/GlCvjLvJegJ6kltmQ==",
        "dependencies": {
          "Microsoft.Extensions.DependencyInjection.Abstractions": "9.0.4",
          "Microsoft.Extensions.Logging": "9.0.4",
          "Microsoft.Extensions.Logging.Abstractions": "9.0.4",
          "Microsoft.Extensions.Logging.Configuration": "9.0.4",
          "Microsoft.Extensions.Options": "9.0.4"
        }
      },
      "Microsoft.Extensions.Logging.Debug": {
        "type": "Transitive",
        "resolved": "9.0.4",
        "contentHash": "D1jy+jy+huUUxnkZ0H480RZK8vqKn8NsQxYpMpPL/ALPPh1WATVLcr/uXI3RUBB45wMW5265O+hk9x3jnnXFuA==",
        "dependencies": {
          "Microsoft.Extensions.DependencyInjection.Abstractions": "9.0.4",
          "Microsoft.Extensions.Logging": "9.0.4",
          "Microsoft.Extensions.Logging.Abstractions": "9.0.4"
        }
      },
      "Microsoft.Extensions.Logging.EventLog": {
        "type": "Transitive",
        "resolved": "9.0.4",
        "contentHash": "bApxdklf7QTsONOLR5ow6SdDFXR5ncHvumSEg2+QnCvxvkzc2z5kNn7yQCyupRLRN4jKbnlTkVX8x9qLlwL6Qg==",
        "dependencies": {
          "Microsoft.Extensions.DependencyInjection.Abstractions": "9.0.4",
          "Microsoft.Extensions.Logging": "9.0.4",
          "Microsoft.Extensions.Logging.Abstractions": "9.0.4",
          "Microsoft.Extensions.Options": "9.0.4",
          "System.Diagnostics.EventLog": "9.0.4"
        }
      },
      "Microsoft.Extensions.Logging.EventSource": {
        "type": "Transitive",
        "resolved": "9.0.4",
        "contentHash": "R600zTxVJNw2IeAEOvdOJGNA1lHr1m3vo460hSF5G1DjwP0FNpyeH4lpLDMuf34diKwB1LTt5hBw1iF1/iuwsQ==",
        "dependencies": {
          "Microsoft.Extensions.DependencyInjection.Abstractions": "9.0.4",
          "Microsoft.Extensions.Logging": "9.0.4",
          "Microsoft.Extensions.Logging.Abstractions": "9.0.4",
          "Microsoft.Extensions.Options": "9.0.4",
          "Microsoft.Extensions.Primitives": "9.0.4"
        }
      },
      "Microsoft.Extensions.Options": {
        "type": "Transitive",
        "resolved": "9.0.4",
        "contentHash": "fiFI2+58kicqVZyt/6obqoFwHiab7LC4FkQ3mmiBJ28Yy4fAvy2+v9MRnSvvlOO8chTOjKsdafFl/K9veCPo5g==",
        "dependencies": {
          "Microsoft.Extensions.DependencyInjection.Abstractions": "9.0.4",
          "Microsoft.Extensions.Primitives": "9.0.4"
        }
      },
      "Microsoft.Extensions.Options.ConfigurationExtensions": {
        "type": "Transitive",
        "resolved": "9.0.4",
        "contentHash": "aridVhAT3Ep+vsirR1pzjaOw0Jwiob6dc73VFQn2XmDfBA2X98M8YKO1GarvsXRX7gX1Aj+hj2ijMzrMHDOm0A==",
        "dependencies": {
          "Microsoft.Extensions.Configuration.Abstractions": "9.0.4",
          "Microsoft.Extensions.Configuration.Binder": "9.0.4",
          "Microsoft.Extensions.DependencyInjection.Abstractions": "9.0.4",
          "Microsoft.Extensions.Options": "9.0.4",
          "Microsoft.Extensions.Primitives": "9.0.4"
        }
      },
      "Microsoft.Extensions.Primitives": {
        "type": "Transitive",
        "resolved": "9.0.4",
        "contentHash": "SPFyMjyku1nqTFFJ928JAMd0QnRe4xjE7KeKnZMWXf3xk+6e0WiOZAluYtLdbJUXtsl2cCRSi8cBquJ408k8RA=="
      },
      "NetTopologySuite.IO.PostGis": {
        "type": "Transitive",
        "resolved": "2.1.0",
        "contentHash": "3W8XTFz8iP6GQ5jDXK1/LANHiU+988k1kmmuPWNKcJLpmSg6CvFpbTpz+s4+LBzkAp64wHGOldSlkSuzYfrIKA==",
        "dependencies": {
          "NetTopologySuite": "[2.0.0, 3.0.0-A)"
        }
      },
      "Npgsql.NetTopologySuite": {
        "type": "Transitive",
        "resolved": "9.0.3",
        "contentHash": "4+bs4sJ18cSuVYp9mnACKPXx0HVQ6zqgNn00SSDn4OyGJ7qJnILT80y9S0uH0Ot9CzsLb1fN1zWBrwam81GdpA==",
        "dependencies": {
          "NetTopologySuite": "2.5.0",
          "NetTopologySuite.IO.PostGIS": "2.1.0",
          "Npgsql": "9.0.3"
        }
      },
      "System.Diagnostics.DiagnosticSource": {
        "type": "Transitive",
        "resolved": "8.0.1",
        "contentHash": "vaoWjvkG1aenR2XdjaVivlCV9fADfgyhW5bZtXT23qaEea0lWiUljdQuze4E31vKM7ZWJaSUsbYIKE3rnzfZUg=="
      },
      "System.Diagnostics.EventLog": {
        "type": "Transitive",
        "resolved": "9.0.4",
        "contentHash": "getRQEXD8idlpb1KW56XuxImMy0FKp2WJPDf3Qr0kI/QKxxJSftqfDFVo0DZ3HCJRLU73qHSruv5q2l5O47jQQ=="
      },
      "System.Memory": {
        "type": "Transitive",
        "resolved": "4.5.4",
        "contentHash": "1MbJTHS1lZ4bS4FmsJjnuGJOu88ZzTT2rLvrhW7Ygic+pC0NWA+3hgAen0HRdsocuQXCkUTdFn9yHJJhsijDXw=="
      },
      "System.Text.Json": {
        "type": "Transitive",
        "resolved": "9.0.3",
        "contentHash": "r2JRkLjsYrq5Dpo7+y3Wa73OfirZPdVhxiTJWwZ+oJM7FOAe0LkM3GlH+pgkNRdd1G1kwUbmRCdmh4uoaWwu1g=="
      },
      "basisregisters.integrationdb.suspiciouscases": {
        "type": "Project",
        "dependencies": {
          "Autofac": "[8.2.1, )",
          "Microsoft.EntityFrameworkCore.InMemory": "[9.0.4, )",
          "Microsoft.Extensions.Configuration": "[9.0.4, )",
          "Microsoft.Extensions.Configuration.EnvironmentVariables": "[9.0.4, )",
          "Microsoft.Extensions.Configuration.FileExtensions": "[9.0.4, )",
          "Microsoft.Extensions.Configuration.Json": "[9.0.4, )",
          "Npgsql.EntityFrameworkCore.PostgreSQL": "[9.0.4, )",
          "Npgsql.EntityFrameworkCore.PostgreSQL.NetTopologySuite": "[9.0.4, )"
        }
      },
      "Autofac": {
        "type": "CentralTransitive",
        "requested": "[8.2.1, )",
        "resolved": "8.2.1",
        "contentHash": "q5xYBykgdvBlcmrXzHcDWcfeVktGEraluypkC0IRTupfxk+r+z+JcXgKj5kldKGe1fflyW3Ya3y9Soe9J2CqEA==",
        "dependencies": {
          "System.Diagnostics.DiagnosticSource": "8.0.1"
        }
      },
      "AWSSDK.DynamoDBv2": {
        "type": "CentralTransitive",
        "requested": "[3.7.406.19, )",
        "resolved": "3.7.406.17",
        "contentHash": "HmCeGXJwbflvvtcLTXIPJsI4XsQslUZ4BPPUmyHNLmQJdORJ8veln/tsNPFWDlhjhZ1KI3jSDTdkQZsxPNqfVg==",
        "dependencies": {
          "AWSSDK.Core": "[3.7.402.35, 4.0.0)"
        }
      },
      "Microsoft.EntityFrameworkCore.InMemory": {
        "type": "CentralTransitive",
        "requested": "[9.0.4, )",
        "resolved": "9.0.4",
        "contentHash": "VHjUwjvN8UKjb8xtKJ/o+dc9tTeHOW3QzlfkzX3JrUspLkPIjwMdZCcw6eS4gsFjby0NFkcXBjHtrgTjVOfO5Q==",
        "dependencies": {
          "Microsoft.EntityFrameworkCore": "9.0.4",
          "Microsoft.Extensions.Caching.Memory": "9.0.4",
          "Microsoft.Extensions.Logging": "9.0.4"
        }
      },
      "Microsoft.Extensions.Configuration.CommandLine": {
        "type": "CentralTransitive",
        "requested": "[9.0.4, )",
        "resolved": "9.0.4",
        "contentHash": "TbM2HElARG7z1gxwakdppmOkm1SykPqDcu3EF97daEwSb/+TXnRrFfJtF+5FWWxcsNhbRrmLfS2WszYcab7u1A==",
        "dependencies": {
          "Microsoft.Extensions.Configuration": "9.0.4",
          "Microsoft.Extensions.Configuration.Abstractions": "9.0.4"
        }
      },
      "Microsoft.Extensions.DependencyInjection": {
        "type": "CentralTransitive",
        "requested": "[9.0.4, )",
        "resolved": "9.0.4",
        "contentHash": "f2MTUaS2EQ3lX4325ytPAISZqgBfXmY0WvgD80ji6Z20AoDNiCESxsqo6mFRwHJD/jfVKRw9FsW6+86gNre3ug==",
        "dependencies": {
          "Microsoft.Extensions.DependencyInjection.Abstractions": "9.0.4"
        }
      },
      "NetTopologySuite": {
        "type": "CentralTransitive",
        "requested": "[2.6.0, )",
        "resolved": "2.5.0",
        "contentHash": "5/+2O2ADomEdUn09mlSigACdqvAf0m/pVPGtIPEPQWnyrVykYY0NlfXLIdkMgi41kvH9kNrPqYaFBTZtHYH7Xw==",
        "dependencies": {
          "System.Memory": "4.5.4"
        }
      },
      "Newtonsoft.Json": {
        "type": "CentralTransitive",
        "requested": "[13.0.3, )",
        "resolved": "13.0.3",
        "contentHash": "HrC5BXdl00IP9zeV+0Z848QWPAoCr9P3bDEZguI+gkLcBKAOxix/tLEAAHC+UvDNPv4a2d18lOReHMOagPa+zQ=="
      },
      "Npgsql.EntityFrameworkCore.PostgreSQL": {
        "type": "CentralTransitive",
        "requested": "[9.0.4, )",
        "resolved": "9.0.4",
        "contentHash": "mw5vcY2IEc7L+IeGrxpp/J5OSnCcjkjAgJYCm/eD52wpZze8zsSifdqV7zXslSMmfJG2iIUGZyo3KuDtEFKwMQ==",
        "dependencies": {
          "Microsoft.EntityFrameworkCore": "[9.0.1, 10.0.0)",
          "Microsoft.EntityFrameworkCore.Relational": "[9.0.1, 10.0.0)",
          "Npgsql": "9.0.3"
        }
      },
      "Npgsql.EntityFrameworkCore.PostgreSQL.NetTopologySuite": {
        "type": "CentralTransitive",
        "requested": "[9.0.4, )",
        "resolved": "9.0.4",
        "contentHash": "NDwzUXBZSaDbnKUlce1QudqlqHvAHSKe5b7lAfq68YFrdqbOI1Q87FVKKkJQAWjRjTO+0TntbAOOJA7EgnT/AA==",
        "dependencies": {
          "Npgsql.EntityFrameworkCore.PostgreSQL": "9.0.4",
          "Npgsql.NetTopologySuite": "9.0.3"
        }
      }
    },
    "net9.0/linux-arm64": {
      "System.Diagnostics.EventLog": {
        "type": "Transitive",
        "resolved": "9.0.4",
        "contentHash": "getRQEXD8idlpb1KW56XuxImMy0FKp2WJPDf3Qr0kI/QKxxJSftqfDFVo0DZ3HCJRLU73qHSruv5q2l5O47jQQ=="
      }
    },
    "net9.0/linux-x64": {
      "System.Diagnostics.EventLog": {
        "type": "Transitive",
        "resolved": "9.0.4",
        "contentHash": "getRQEXD8idlpb1KW56XuxImMy0FKp2WJPDf3Qr0kI/QKxxJSftqfDFVo0DZ3HCJRLU73qHSruv5q2l5O47jQQ=="
      }
    },
    "net9.0/win-x64": {
      "System.Diagnostics.EventLog": {
        "type": "Transitive",
        "resolved": "9.0.4",
        "contentHash": "getRQEXD8idlpb1KW56XuxImMy0FKp2WJPDf3Qr0kI/QKxxJSftqfDFVo0DZ3HCJRLU73qHSruv5q2l5O47jQQ=="
      }
    }
  }
}